// !$*UTF8*$!
{
	archiveVersion = 1;
	classes = {
	};
	objectVersion = 50;
	objects = {

/* Begin PBXBuildFile section */
		BB13D89E209FB1F80084979E /* AppDelegate.swift in Sources */ = {isa = PBXBuildFile; fileRef = BB13D89D209FB1F80084979E /* AppDelegate.swift */; };
		BB13D8A3209FB1F80084979E /* Main.storyboard in Resources */ = {isa = PBXBuildFile; fileRef = BB13D8A1209FB1F80084979E /* Main.storyboard */; };
		BB13D8A5209FB1FA0084979E /* Assets.xcassets in Resources */ = {isa = PBXBuildFile; fileRef = BB13D8A4209FB1FA0084979E /* Assets.xcassets */; };
		BB13D8A8209FB1FA0084979E /* LaunchScreen.storyboard in Resources */ = {isa = PBXBuildFile; fileRef = BB13D8A6209FB1FA0084979E /* LaunchScreen.storyboard */; };
		BB13D8B3209FB1FA0084979E /* KOA1Tests.swift in Sources */ = {isa = PBXBuildFile; fileRef = BB13D8B2209FB1FA0084979E /* KOA1Tests.swift */; };
		BB13D8BE209FB1FA0084979E /* KOA1UITests.swift in Sources */ = {isa = PBXBuildFile; fileRef = BB13D8BD209FB1FA0084979E /* KOA1UITests.swift */; };
		BB13D8CC209FB4460084979E /* SearchViewController.swift in Sources */ = {isa = PBXBuildFile; fileRef = BB13D8CB209FB4460084979E /* SearchViewController.swift */; };
		BB13D8CE209FB4580084979E /* MovieCell.swift in Sources */ = {isa = PBXBuildFile; fileRef = BB13D8CD209FB4580084979E /* MovieCell.swift */; };
		BB13D8D0209FB68B0084979E /* Movie.swift in Sources */ = {isa = PBXBuildFile; fileRef = BB13D8CF209FB68B0084979E /* Movie.swift */; };
		BB13D8D2209FBB420084979E /* MovieUtility.swift in Sources */ = {isa = PBXBuildFile; fileRef = BB13D8D1209FBB420084979E /* MovieUtility.swift */; };
		BB13D8D4209FC23F0084979E /* UIViewControllerAdditions.swift in Sources */ = {isa = PBXBuildFile; fileRef = BB13D8D3209FC23F0084979E /* UIViewControllerAdditions.swift */; };
		BB13D8D8209FD7EB0084979E /* MovieDetailViewController.swift in Sources */ = {isa = PBXBuildFile; fileRef = BB13D8D7209FD7EB0084979E /* MovieDetailViewController.swift */; };
		BB13D8DC209FF0470084979E /* TabBarViewController.swift in Sources */ = {isa = PBXBuildFile; fileRef = BB13D8DB209FF0470084979E /* TabBarViewController.swift */; };
/* End PBXBuildFile section */

/* Begin PBXContainerItemProxy section */
		BB13D8AF209FB1FA0084979E /* PBXContainerItemProxy */ = {
			isa = PBXContainerItemProxy;
			containerPortal = BB13D892209FB1F80084979E /* Project object */;
			proxyType = 1;
			remoteGlobalIDString = BB13D899209FB1F80084979E;
			remoteInfo = KOA1;
		};
		BB13D8BA209FB1FA0084979E /* PBXContainerItemProxy */ = {
			isa = PBXContainerItemProxy;
			containerPortal = BB13D892209FB1F80084979E /* Project object */;
			proxyType = 1;
			remoteGlobalIDString = BB13D899209FB1F80084979E;
			remoteInfo = KOA1;
		};
/* End PBXContainerItemProxy section */

/* Begin PBXFileReference section */
		BB13D89A209FB1F80084979E /* KOA1.app */ = {isa = PBXFileReference; explicitFileType = wrapper.application; includeInIndex = 0; path = KOA1.app; sourceTree = BUILT_PRODUCTS_DIR; };
		BB13D89D209FB1F80084979E /* AppDelegate.swift */ = {isa = PBXFileReference; lastKnownFileType = sourcecode.swift; path = AppDelegate.swift; sourceTree = "<group>"; };
		BB13D8A2209FB1F80084979E /* Base */ = {isa = PBXFileReference; lastKnownFileType = file.storyboard; name = Base; path = Base.lproj/Main.storyboard; sourceTree = "<group>"; };
		BB13D8A4209FB1FA0084979E /* Assets.xcassets */ = {isa = PBXFileReference; lastKnownFileType = folder.assetcatalog; path = Assets.xcassets; sourceTree = "<group>"; };
		BB13D8A7209FB1FA0084979E /* Base */ = {isa = PBXFileReference; lastKnownFileType = file.storyboard; name = Base; path = Base.lproj/LaunchScreen.storyboard; sourceTree = "<group>"; };
		BB13D8A9209FB1FA0084979E /* Info.plist */ = {isa = PBXFileReference; lastKnownFileType = text.plist.xml; path = Info.plist; sourceTree = "<group>"; };
		BB13D8AE209FB1FA0084979E /* KOA1Tests.xctest */ = {isa = PBXFileReference; explicitFileType = wrapper.cfbundle; includeInIndex = 0; path = KOA1Tests.xctest; sourceTree = BUILT_PRODUCTS_DIR; };
		BB13D8B2209FB1FA0084979E /* KOA1Tests.swift */ = {isa = PBXFileReference; lastKnownFileType = sourcecode.swift; path = KOA1Tests.swift; sourceTree = "<group>"; };
		BB13D8B4209FB1FA0084979E /* Info.plist */ = {isa = PBXFileReference; lastKnownFileType = text.plist.xml; path = Info.plist; sourceTree = "<group>"; };
		BB13D8B9209FB1FA0084979E /* KOA1UITests.xctest */ = {isa = PBXFileReference; explicitFileType = wrapper.cfbundle; includeInIndex = 0; path = KOA1UITests.xctest; sourceTree = BUILT_PRODUCTS_DIR; };
		BB13D8BD209FB1FA0084979E /* KOA1UITests.swift */ = {isa = PBXFileReference; lastKnownFileType = sourcecode.swift; path = KOA1UITests.swift; sourceTree = "<group>"; };
		BB13D8BF209FB1FA0084979E /* Info.plist */ = {isa = PBXFileReference; lastKnownFileType = text.plist.xml; path = Info.plist; sourceTree = "<group>"; };
		BB13D8CB209FB4460084979E /* SearchViewController.swift */ = {isa = PBXFileReference; lastKnownFileType = sourcecode.swift; path = SearchViewController.swift; sourceTree = "<group>"; };
		BB13D8CD209FB4580084979E /* MovieCell.swift */ = {isa = PBXFileReference; lastKnownFileType = sourcecode.swift; path = MovieCell.swift; sourceTree = "<group>"; };
		BB13D8CF209FB68B0084979E /* Movie.swift */ = {isa = PBXFileReference; lastKnownFileType = sourcecode.swift; path = Movie.swift; sourceTree = "<group>"; };
		BB13D8D1209FBB420084979E /* MovieUtility.swift */ = {isa = PBXFileReference; lastKnownFileType = sourcecode.swift; path = MovieUtility.swift; sourceTree = "<group>"; };
		BB13D8D3209FC23F0084979E /* UIViewControllerAdditions.swift */ = {isa = PBXFileReference; lastKnownFileType = sourcecode.swift; path = UIViewControllerAdditions.swift; sourceTree = "<group>"; };
		BB13D8D7209FD7EB0084979E /* MovieDetailViewController.swift */ = {isa = PBXFileReference; lastKnownFileType = sourcecode.swift; path = MovieDetailViewController.swift; sourceTree = "<group>"; };
		BB13D8DB209FF0470084979E /* TabBarViewController.swift */ = {isa = PBXFileReference; lastKnownFileType = sourcecode.swift; path = TabBarViewController.swift; sourceTree = "<group>"; };
/* End PBXFileReference section */

/* Begin PBXFrameworksBuildPhase section */
		BB13D897209FB1F80084979E /* Frameworks */ = {
			isa = PBXFrameworksBuildPhase;
			buildActionMask = 2147483647;
			files = (
			);
			runOnlyForDeploymentPostprocessing = 0;
		};
		BB13D8AB209FB1FA0084979E /* Frameworks */ = {
			isa = PBXFrameworksBuildPhase;
			buildActionMask = 2147483647;
			files = (
			);
			runOnlyForDeploymentPostprocessing = 0;
		};
		BB13D8B6209FB1FA0084979E /* Frameworks */ = {
			isa = PBXFrameworksBuildPhase;
			buildActionMask = 2147483647;
			files = (
			);
			runOnlyForDeploymentPostprocessing = 0;
		};
/* End PBXFrameworksBuildPhase section */

/* Begin PBXGroup section */
		BB13D891209FB1F80084979E = {
			isa = PBXGroup;
			children = (
				BB13D89C209FB1F80084979E /* KOA1 */,
				BB13D8B1209FB1FA0084979E /* KOA1Tests */,
				BB13D8BC209FB1FA0084979E /* KOA1UITests */,
				BB13D89B209FB1F80084979E /* Products */,
			);
			sourceTree = "<group>";
		};
		BB13D89B209FB1F80084979E /* Products */ = {
			isa = PBXGroup;
			children = (
				BB13D89A209FB1F80084979E /* KOA1.app */,
				BB13D8AE209FB1FA0084979E /* KOA1Tests.xctest */,
				BB13D8B9209FB1FA0084979E /* KOA1UITests.xctest */,
			);
			name = Products;
			sourceTree = "<group>";
		};
		BB13D89C209FB1F80084979E /* KOA1 */ = {
			isa = PBXGroup;
			children = (
				BB13D89D209FB1F80084979E /* AppDelegate.swift */,
				BB13D8A1209FB1F80084979E /* Main.storyboard */,
				BB13D8D7209FD7EB0084979E /* MovieDetailViewController.swift */,
				BB13D8CF209FB68B0084979E /* Movie.swift */,
				BB13D8D1209FBB420084979E /* MovieUtility.swift */,
				BB13D8CB209FB4460084979E /* SearchViewController.swift */,
				BB13D8DB209FF0470084979E /* TabBarViewController.swift */,
				BB13D8D3209FC23F0084979E /* UIViewControllerAdditions.swift */,
				BB13D8CD209FB4580084979E /* MovieCell.swift */,
				BB13D8A4209FB1FA0084979E /* Assets.xcassets */,
				BB13D8A6209FB1FA0084979E /* LaunchScreen.storyboard */,
				BB13D8A9209FB1FA0084979E /* Info.plist */,
			);
			path = KOA1;
			sourceTree = "<group>";
		};
		BB13D8B1209FB1FA0084979E /* KOA1Tests */ = {
			isa = PBXGroup;
			children = (
				BB13D8B2209FB1FA0084979E /* KOA1Tests.swift */,
				BB13D8B4209FB1FA0084979E /* Info.plist */,
			);
			path = KOA1Tests;
			sourceTree = "<group>";
		};
		BB13D8BC209FB1FA0084979E /* KOA1UITests */ = {
			isa = PBXGroup;
			children = (
				BB13D8BD209FB1FA0084979E /* KOA1UITests.swift */,
				BB13D8BF209FB1FA0084979E /* Info.plist */,
			);
			path = KOA1UITests;
			sourceTree = "<group>";
		};
/* End PBXGroup section */

/* Begin PBXNativeTarget section */
		BB13D899209FB1F80084979E /* KOA1 */ = {
			isa = PBXNativeTarget;
			buildConfigurationList = BB13D8C2209FB1FA0084979E /* Build configuration list for PBXNativeTarget "KOA1" */;
			buildPhases = (
				BB13D896209FB1F80084979E /* Sources */,
				BB13D897209FB1F80084979E /* Frameworks */,
				BB13D898209FB1F80084979E /* Resources */,
			);
			buildRules = (
			);
			dependencies = (
			);
			name = KOA1;
			productName = KOA1;
			productReference = BB13D89A209FB1F80084979E /* KOA1.app */;
			productType = "com.apple.product-type.application";
		};
		BB13D8AD209FB1FA0084979E /* KOA1Tests */ = {
			isa = PBXNativeTarget;
			buildConfigurationList = BB13D8C5209FB1FA0084979E /* Build configuration list for PBXNativeTarget "KOA1Tests" */;
			buildPhases = (
				BB13D8AA209FB1FA0084979E /* Sources */,
				BB13D8AB209FB1FA0084979E /* Frameworks */,
				BB13D8AC209FB1FA0084979E /* Resources */,
			);
			buildRules = (
			);
			dependencies = (
				BB13D8B0209FB1FA0084979E /* PBXTargetDependency */,
			);
			name = KOA1Tests;
			productName = KOA1Tests;
			productReference = BB13D8AE209FB1FA0084979E /* KOA1Tests.xctest */;
			productType = "com.apple.product-type.bundle.unit-test";
		};
		BB13D8B8209FB1FA0084979E /* KOA1UITests */ = {
			isa = PBXNativeTarget;
			buildConfigurationList = BB13D8C8209FB1FA0084979E /* Build configuration list for PBXNativeTarget "KOA1UITests" */;
			buildPhases = (
				BB13D8B5209FB1FA0084979E /* Sources */,
				BB13D8B6209FB1FA0084979E /* Frameworks */,
				BB13D8B7209FB1FA0084979E /* Resources */,
			);
			buildRules = (
			);
			dependencies = (
				BB13D8BB209FB1FA0084979E /* PBXTargetDependency */,
			);
			name = KOA1UITests;
			productName = KOA1UITests;
			productReference = BB13D8B9209FB1FA0084979E /* KOA1UITests.xctest */;
			productType = "com.apple.product-type.bundle.ui-testing";
		};
/* End PBXNativeTarget section */

/* Begin PBXProject section */
		BB13D892209FB1F80084979E /* Project object */ = {
			isa = PBXProject;
			attributes = {
				LastSwiftUpdateCheck = 0930;
				LastUpgradeCheck = 0930;
				ORGANIZATIONNAME = Basila;
				TargetAttributes = {
					BB13D899209FB1F80084979E = {
						CreatedOnToolsVersion = 9.3;
					};
					BB13D8AD209FB1FA0084979E = {
						CreatedOnToolsVersion = 9.3;
						TestTargetID = BB13D899209FB1F80084979E;
					};
					BB13D8B8209FB1FA0084979E = {
						CreatedOnToolsVersion = 9.3;
						TestTargetID = BB13D899209FB1F80084979E;
					};
				};
			};
			buildConfigurationList = BB13D895209FB1F80084979E /* Build configuration list for PBXProject "KOA1" */;
			compatibilityVersion = "Xcode 9.3";
			developmentRegion = en;
			hasScannedForEncodings = 0;
			knownRegions = (
				en,
				Base,
			);
			mainGroup = BB13D891209FB1F80084979E;
			productRefGroup = BB13D89B209FB1F80084979E /* Products */;
			projectDirPath = "";
			projectRoot = "";
			targets = (
				BB13D899209FB1F80084979E /* KOA1 */,
				BB13D8AD209FB1FA0084979E /* KOA1Tests */,
				BB13D8B8209FB1FA0084979E /* KOA1UITests */,
			);
		};
/* End PBXProject section */

/* Begin PBXResourcesBuildPhase section */
		BB13D898209FB1F80084979E /* Resources */ = {
			isa = PBXResourcesBuildPhase;
			buildActionMask = 2147483647;
			files = (
				BB13D8A8209FB1FA0084979E /* LaunchScreen.storyboard in Resources */,
				BB13D8A5209FB1FA0084979E /* Assets.xcassets in Resources */,
				BB13D8A3209FB1F80084979E /* Main.storyboard in Resources */,
			);
			runOnlyForDeploymentPostprocessing = 0;
		};
		BB13D8AC209FB1FA0084979E /* Resources */ = {
			isa = PBXResourcesBuildPhase;
			buildActionMask = 2147483647;
			files = (
			);
			runOnlyForDeploymentPostprocessing = 0;
		};
		BB13D8B7209FB1FA0084979E /* Resources */ = {
			isa = PBXResourcesBuildPhase;
			buildActionMask = 2147483647;
			files = (
			);
			runOnlyForDeploymentPostprocessing = 0;
		};
/* End PBXResourcesBuildPhase section */

/* Begin PBXSourcesBuildPhase section */
		BB13D896209FB1F80084979E /* Sources */ = {
			isa = PBXSourcesBuildPhase;
			buildActionMask = 2147483647;
			files = (
				BB13D8CC209FB4460084979E /* SearchViewController.swift in Sources */,
				BB13D8D4209FC23F0084979E /* UIViewControllerAdditions.swift in Sources */,
				BB13D8CE209FB4580084979E /* MovieCell.swift in Sources */,
				BB13D8D2209FBB420084979E /* MovieUtility.swift in Sources */,
				BB13D8DC209FF0470084979E /* TabBarViewController.swift in Sources */,
				BB13D8D8209FD7EB0084979E /* MovieDetailViewController.swift in Sources */,
				BB13D89E209FB1F80084979E /* AppDelegate.swift in Sources */,
				BB13D8D0209FB68B0084979E /* Movie.swift in Sources */,
			);
			runOnlyForDeploymentPostprocessing = 0;
		};
		BB13D8AA209FB1FA0084979E /* Sources */ = {
			isa = PBXSourcesBuildPhase;
			buildActionMask = 2147483647;
			files = (
				BB13D8B3209FB1FA0084979E /* KOA1Tests.swift in Sources */,
			);
			runOnlyForDeploymentPostprocessing = 0;
		};
		BB13D8B5209FB1FA0084979E /* Sources */ = {
			isa = PBXSourcesBuildPhase;
			buildActionMask = 2147483647;
			files = (
				BB13D8BE209FB1FA0084979E /* KOA1UITests.swift in Sources */,
			);
			runOnlyForDeploymentPostprocessing = 0;
		};
/* End PBXSourcesBuildPhase section */

/* Begin PBXTargetDependency section */
		BB13D8B0209FB1FA0084979E /* PBXTargetDependency */ = {
			isa = PBXTargetDependency;
			target = BB13D899209FB1F80084979E /* KOA1 */;
			targetProxy = BB13D8AF209FB1FA0084979E /* PBXContainerItemProxy */;
		};
		BB13D8BB209FB1FA0084979E /* PBXTargetDependency */ = {
			isa = PBXTargetDependency;
			target = BB13D899209FB1F80084979E /* KOA1 */;
			targetProxy = BB13D8BA209FB1FA0084979E /* PBXContainerItemProxy */;
		};
/* End PBXTargetDependency section */

/* Begin PBXVariantGroup section */
		BB13D8A1209FB1F80084979E /* Main.storyboard */ = {
			isa = PBXVariantGroup;
			children = (
				BB13D8A2209FB1F80084979E /* Base */,
			);
			name = Main.storyboard;
			sourceTree = "<group>";
		};
		BB13D8A6209FB1FA0084979E /* LaunchScreen.storyboard */ = {
			isa = PBXVariantGroup;
			children = (
				BB13D8A7209FB1FA0084979E /* Base */,
			);
			name = LaunchScreen.storyboard;
			sourceTree = "<group>";
		};
/* End PBXVariantGroup section */

/* Begin XCBuildConfiguration section */
		BB13D8C0209FB1FA0084979E /* Debug */ = {
			isa = XCBuildConfiguration;
			buildSettings = {
				ALWAYS_SEARCH_USER_PATHS = NO;
				CLANG_ANALYZER_NONNULL = YES;
				CLANG_ANALYZER_NUMBER_OBJECT_CONVERSION = YES_AGGRESSIVE;
				CLANG_CXX_LANGUAGE_STANDARD = "gnu++14";
				CLANG_CXX_LIBRARY = "libc++";
				CLANG_ENABLE_MODULES = YES;
				CLANG_ENABLE_OBJC_ARC = YES;
				CLANG_ENABLE_OBJC_WEAK = YES;
				CLANG_WARN_BLOCK_CAPTURE_AUTORELEASING = YES;
				CLANG_WARN_BOOL_CONVERSION = YES;
				CLANG_WARN_COMMA = YES;
				CLANG_WARN_CONSTANT_CONVERSION = YES;
				CLANG_WARN_DEPRECATED_OBJC_IMPLEMENTATIONS = YES;
				CLANG_WARN_DIRECT_OBJC_ISA_USAGE = YES_ERROR;
				CLANG_WARN_DOCUMENTATION_COMMENTS = YES;
				CLANG_WARN_EMPTY_BODY = YES;
				CLANG_WARN_ENUM_CONVERSION = YES;
				CLANG_WARN_INFINITE_RECURSION = YES;
				CLANG_WARN_INT_CONVERSION = YES;
				CLANG_WARN_NON_LITERAL_NULL_CONVERSION = YES;
				CLANG_WARN_OBJC_IMPLICIT_RETAIN_SELF = YES;
				CLANG_WARN_OBJC_LITERAL_CONVERSION = YES;
				CLANG_WARN_OBJC_ROOT_CLASS = YES_ERROR;
				CLANG_WARN_RANGE_LOOP_ANALYSIS = YES;
				CLANG_WARN_STRICT_PROTOTYPES = YES;
				CLANG_WARN_SUSPICIOUS_MOVE = YES;
				CLANG_WARN_UNGUARDED_AVAILABILITY = YES_AGGRESSIVE;
				CLANG_WARN_UNREACHABLE_CODE = YES;
				CLANG_WARN__DUPLICATE_METHOD_MATCH = YES;
				CODE_SIGN_IDENTITY = "iPhone Developer";
				COPY_PHASE_STRIP = NO;
				DEBUG_INFORMATION_FORMAT = dwarf;
				ENABLE_STRICT_OBJC_MSGSEND = YES;
				ENABLE_TESTABILITY = YES;
				GCC_C_LANGUAGE_STANDARD = gnu11;
				GCC_DYNAMIC_NO_PIC = NO;
				GCC_NO_COMMON_BLOCKS = YES;
				GCC_OPTIMIZATION_LEVEL = 0;
				GCC_PREPROCESSOR_DEFINITIONS = (
					"DEBUG=1",
					"$(inherited)",
				);
				GCC_WARN_64_TO_32_BIT_CONVERSION = YES;
				GCC_WARN_ABOUT_RETURN_TYPE = YES_ERROR;
				GCC_WARN_UNDECLARED_SELECTOR = YES;
				GCC_WARN_UNINITIALIZED_AUTOS = YES_AGGRESSIVE;
				GCC_WARN_UNUSED_FUNCTION = YES;
				GCC_WARN_UNUSED_VARIABLE = YES;
				IPHONEOS_DEPLOYMENT_TARGET = 11.3;
				MTL_ENABLE_DEBUG_INFO = YES;
				ONLY_ACTIVE_ARCH = YES;
				SDKROOT = iphoneos;
				SWIFT_ACTIVE_COMPILATION_CONDITIONS = DEBUG;
				SWIFT_OPTIMIZATION_LEVEL = "-Onone";
			};
			name = Debug;
		};
		BB13D8C1209FB1FA0084979E /* Release */ = {
			isa = XCBuildConfiguration;
			buildSettings = {
				ALWAYS_SEARCH_USER_PATHS = NO;
				CLANG_ANALYZER_NONNULL = YES;
				CLANG_ANALYZER_NUMBER_OBJECT_CONVERSION = YES_AGGRESSIVE;
				CLANG_CXX_LANGUAGE_STANDARD = "gnu++14";
				CLANG_CXX_LIBRARY = "libc++";
				CLANG_ENABLE_MODULES = YES;
				CLANG_ENABLE_OBJC_ARC = YES;
				CLANG_ENABLE_OBJC_WEAK = YES;
				CLANG_WARN_BLOCK_CAPTURE_AUTORELEASING = YES;
				CLANG_WARN_BOOL_CONVERSION = YES;
				CLANG_WARN_COMMA = YES;
				CLANG_WARN_CONSTANT_CONVERSION = YES;
				CLANG_WARN_DEPRECATED_OBJC_IMPLEMENTATIONS = YES;
				CLANG_WARN_DIRECT_OBJC_ISA_USAGE = YES_ERROR;
				CLANG_WARN_DOCUMENTATION_COMMENTS = YES;
				CLANG_WARN_EMPTY_BODY = YES;
				CLANG_WARN_ENUM_CONVERSION = YES;
				CLANG_WARN_INFINITE_RECURSION = YES;
				CLANG_WARN_INT_CONVERSION = YES;
				CLANG_WARN_NON_LITERAL_NULL_CONVERSION = YES;
				CLANG_WARN_OBJC_IMPLICIT_RETAIN_SELF = YES;
				CLANG_WARN_OBJC_LITERAL_CONVERSION = YES;
				CLANG_WARN_OBJC_ROOT_CLASS = YES_ERROR;
				CLANG_WARN_RANGE_LOOP_ANALYSIS = YES;
				CLANG_WARN_STRICT_PROTOTYPES = YES;
				CLANG_WARN_SUSPICIOUS_MOVE = YES;
				CLANG_WARN_UNGUARDED_AVAILABILITY = YES_AGGRESSIVE;
				CLANG_WARN_UNREACHABLE_CODE = YES;
				CLANG_WARN__DUPLICATE_METHOD_MATCH = YES;
				CODE_SIGN_IDENTITY = "iPhone Developer";
				COPY_PHASE_STRIP = NO;
				DEBUG_INFORMATION_FORMAT = "dwarf-with-dsym";
				ENABLE_NS_ASSERTIONS = NO;
				ENABLE_STRICT_OBJC_MSGSEND = YES;
				GCC_C_LANGUAGE_STANDARD = gnu11;
				GCC_NO_COMMON_BLOCKS = YES;
				GCC_WARN_64_TO_32_BIT_CONVERSION = YES;
				GCC_WARN_ABOUT_RETURN_TYPE = YES_ERROR;
				GCC_WARN_UNDECLARED_SELECTOR = YES;
				GCC_WARN_UNINITIALIZED_AUTOS = YES_AGGRESSIVE;
				GCC_WARN_UNUSED_FUNCTION = YES;
				GCC_WARN_UNUSED_VARIABLE = YES;
				IPHONEOS_DEPLOYMENT_TARGET = 11.3;
				MTL_ENABLE_DEBUG_INFO = NO;
				SDKROOT = iphoneos;
				SWIFT_COMPILATION_MODE = wholemodule;
				SWIFT_OPTIMIZATION_LEVEL = "-O";
				VALIDATE_PRODUCT = YES;
			};
			name = Release;
		};
		BB13D8C3209FB1FA0084979E /* Debug */ = {
			isa = XCBuildConfiguration;
			buildSettings = {
				ASSETCATALOG_COMPILER_APPICON_NAME = AppIcon;
				CODE_SIGN_STYLE = Automatic;
				DEVELOPMENT_TEAM = 4MHRL4YJ8N;
				INFOPLIST_FILE = KOA1/Info.plist;
				LD_RUNPATH_SEARCH_PATHS = (
					"$(inherited)",
					"@executable_path/Frameworks",
				);
				PRODUCT_BUNDLE_IDENTIFIER = com.basila.KOA1;
				PRODUCT_NAME = "$(TARGET_NAME)";
				SWIFT_VERSION = 4.0;
				TARGETED_DEVICE_FAMILY = "1,2";
			};
			name = Debug;
		};
		BB13D8C4209FB1FA0084979E /* Release */ = {
			isa = XCBuildConfiguration;
			buildSettings = {
				ASSETCATALOG_COMPILER_APPICON_NAME = AppIcon;
				CODE_SIGN_STYLE = Automatic;
				DEVELOPMENT_TEAM = 4MHRL4YJ8N;
				INFOPLIST_FILE = KOA1/Info.plist;
				LD_RUNPATH_SEARCH_PATHS = (
					"$(inherited)",
					"@executable_path/Frameworks",
				);
				PRODUCT_BUNDLE_IDENTIFIER = com.basila.KOA1;
				PRODUCT_NAME = "$(TARGET_NAME)";
				SWIFT_VERSION = 4.0;
				TARGETED_DEVICE_FAMILY = "1,2";
			};
			name = Release;
		};
		BB13D8C6209FB1FA0084979E /* Debug */ = {
			isa = XCBuildConfiguration;
			buildSettings = {
				ALWAYS_EMBED_SWIFT_STANDARD_LIBRARIES = YES;
				BUNDLE_LOADER = "$(TEST_HOST)";
				CODE_SIGN_STYLE = Automatic;
				INFOPLIST_FILE = KOA1Tests/Info.plist;
				LD_RUNPATH_SEARCH_PATHS = (
					"$(inherited)",
					"@executable_path/Frameworks",
					"@loader_path/Frameworks",
				);
				PRODUCT_BUNDLE_IDENTIFIER = com.basila.KOA1Tests;
				PRODUCT_NAME = "$(TARGET_NAME)";
				SWIFT_VERSION = 4.0;
				TARGETED_DEVICE_FAMILY = "1,2";
				TEST_HOST = "$(BUILT_PRODUCTS_DIR)/KOA1.app/KOA1";
			};
			name = Debug;
		};
		BB13D8C7209FB1FA0084979E /* Release */ = {
			isa = XCBuildConfiguration;
			buildSettings = {
				ALWAYS_EMBED_SWIFT_STANDARD_LIBRARIES = YES;
				BUNDLE_LOADER = "$(TEST_HOST)";
				CODE_SIGN_STYLE = Automatic;
				INFOPLIST_FILE = KOA1Tests/Info.plist;
				LD_RUNPATH_SEARCH_PATHS = (
					"$(inherited)",
					"@executable_path/Frameworks",
					"@loader_path/Frameworks",
				);
				PRODUCT_BUNDLE_IDENTIFIER = com.basila.KOA1Tests;
				PRODUCT_NAME = "$(TARGET_NAME)";
				SWIFT_VERSION = 4.0;
				TARGETED_DEVICE_FAMILY = "1,2";
				TEST_HOST = "$(BUILT_PRODUCTS_DIR)/KOA1.app/KOA1";
			};
			name = Release;
		};
		BB13D8C9209FB1FA0084979E /* Debug */ = {
			isa = XCBuildConfiguration;
			buildSettings = {
				ALWAYS_EMBED_SWIFT_STANDARD_LIBRARIES = YES;
				CODE_SIGN_STYLE = Automatic;
				INFOPLIST_FILE = KOA1UITests/Info.plist;
				LD_RUNPATH_SEARCH_PATHS = (
					"$(inherited)",
					"@executable_path/Frameworks",
					"@loader_path/Frameworks",
				);
				PRODUCT_BUNDLE_IDENTIFIER = com.basila.KOA1UITests;
				PRODUCT_NAME = "$(TARGET_NAME)";
				SWIFT_VERSION = 4.0;
				TARGETED_DEVICE_FAMILY = "1,2";
				TEST_TARGET_NAME = KOA1;
			};
			name = Debug;
		};
		BB13D8CA209FB1FA0084979E /* Release */ = {
			isa = XCBuildConfiguration;
			buildSettings = {
				ALWAYS_EMBED_SWIFT_STANDARD_LIBRARIES = YES;
				CODE_SIGN_STYLE = Automatic;
				INFOPLIST_FILE = KOA1UITests/Info.plist;
				LD_RUNPATH_SEARCH_PATHS = (
					"$(inherited)",
					"@executable_path/Frameworks",
					"@loader_path/Frameworks",
				);
				PRODUCT_BUNDLE_IDENTIFIER = com.basila.KOA1UITests;
				PRODUCT_NAME = "$(TARGET_NAME)";
				SWIFT_VERSION = 4.0;
				TARGETED_DEVICE_FAMILY = "1,2";
				TEST_TARGET_NAME = KOA1;
			};
			name = Release;
		};
/* End XCBuildConfiguration section */

/* Begin XCConfigurationList section */
		BB13D895209FB1F80084979E /* Build configuration list for PBXProject "KOA1" */ = {
			isa = XCConfigurationList;
			buildConfigurations = (
				BB13D8C0209FB1FA0084979E /* Debug */,
				BB13D8C1209FB1FA0084979E /* Release */,
			);
			defaultConfigurationIsVisible = 0;
			defaultConfigurationName = Release;
		};
		BB13D8C2209FB1FA0084979E /* Build configuration list for PBXNativeTarget "KOA1" */ = {
			isa = XCConfigurationList;
			buildConfigurations = (
				BB13D8C3209FB1FA0084979E /* Debug */,
				BB13D8C4209FB1FA0084979E /* Release */,
			);
			defaultConfigurationIsVisible = 0;
			defaultConfigurationName = Release;
		};
		BB13D8C5209FB1FA0084979E /* Build configuration list for PBXNativeTarget "KOA1Tests" */ = {
			isa = XCConfigurationList;
			buildConfigurations = (
				BB13D8C6209FB1FA0084979E /* Debug */,
				BB13D8C7209FB1FA0084979E /* Release */,
			);
			defaultConfigurationIsVisible = 0;
			defaultConfigurationName = Release;
		};
		BB13D8C8209FB1FA0084979E /* Build configuration list for PBXNativeTarget "KOA1UITests" */ = {
			isa = XCConfigurationList;
			buildConfigurations = (
				BB13D8C9209FB1FA0084979E /* Debug */,
				BB13D8CA209FB1FA0084979E /* Release */,
			);
			defaultConfigurationIsVisible = 0;
			defaultConfigurationName = Release;
		};
/* End XCConfigurationList section */
	};
	rootObject = BB13D892209FB1F80084979E /* Project object */;
}
